github.com/nandanabhishek/filter v0.1.0 h1:y/a0VF1VFUXyuAbAuSJ0x+cI6ccLydt5uIOv1pDzZnQ=
github.com/nandanabhishek/filter v0.1.0/go.mod h1:otD3rWsI6GGblw2cMP5NzgWoAgTtzgu0klON4P2ZoC0=
golang.org/x/exp v0.0.0-20240325151524-a685a6edb6d8 h1:aAcj0Da7eBAtrTp03QXWvm88pSyOt+UgdZw2BFZ+lEw=
golang.org/x/exp v0.0.0-20240325151524-a685a6edb6d8/go.mod h1:CQ1k9gNrJ50XIzaKCRR2hssIjF07kZFEiieALBM/ARQ=
